
Microsoft Visual Studio Solution File, Format Version 12.00
# Visual Studio Version 17
VisualStudioVersion = 17.4.33122.133
MinimumVisualStudioVersion = 10.0.40219.1
Project("{FAE04EC0-301F-11D3-BF4B-00C04F79EFBC}") = "QuanlyDancuDothi", "QuanlyDancuDothi\QuanlyDancuDothi.csproj", "{09F4BA54-A7E7-49A1-907E-DF9FF5D76B18}"
EndProject
Global
	GlobalSection(SolutionConfigurationPlatforms) = preSolution
		Debug|Any CPU = Debug|Any CPU
		Release|Any CPU = Release|Any CPU
	EndGlobalSection
	GlobalSection(ProjectConfigurationPlatforms) = postSolution
		{09F4BA54-A7E7-49A1-907E-DF9FF5D76B18}.Debug|Any CPU.ActiveCfg = Debug|Any CPU
		{09F4BA54-A7E7-49A1-907E-DF9FF5D76B18}.Debug|Any CPU.Build.0 = Debug|Any CPU
		{09F4BA54-A7E7-49A1-907E-DF9FF5D76B18}.Release|Any CPU.ActiveCfg = Release|Any CPU
		{09F4BA54-A7E7-49A1-907E-DF9FF5D76B18}.Release|Any CPU.Build.0 = Release|Any CPU
	EndGlobalSection
	GlobalSection(SolutionProperties) = preSolution
		HideSolutionNode = FALSE
	EndGlobalSection
	GlobalSection(ExtensibilityGlobals) = postSolution
		SolutionGuid = {BDED916B-3FB5-4007-B83A-81D4EA951665}
	EndGlobalSection
EndGlobal
